
Microsoft Visual Studio Solution File, Format Version 12.00
# Visual Studio 14
VisualStudioVersion = 14.0.24720.0
MinimumVisualStudioVersion = 10.0.40219.1
Project("{FAE04EC0-301F-11D3-BF4B-00C04F79EFBC}") = "bigeyedev", "bigeyedev\bigeyedev.csproj", "{80355624-2CE6-4526-BBAB-0BFFC4F237F5}"
EndProject
Project("{FAE04EC0-301F-11D3-BF4B-00C04F79EFBC}") = "bigeyedev.Tests", "bigeyedev.Tests\bigeyedev.Tests.csproj", "{1964BCD7-7620-4DD1-B398-48D7E3DE2AA6}"
EndProject
Global
	GlobalSection(SolutionConfigurationPlatforms) = preSolution
		Debug|Any CPU = Debug|Any CPU
		Release|Any CPU = Release|Any CPU
	EndGlobalSection
	GlobalSection(ProjectConfigurationPlatforms) = postSolution
		{80355624-2CE6-4526-BBAB-0BFFC4F237F5}.Debug|Any CPU.ActiveCfg = Debug|Any CPU
		{80355624-2CE6-4526-BBAB-0BFFC4F237F5}.Debug|Any CPU.Build.0 = Debug|Any CPU
		{80355624-2CE6-4526-BBAB-0BFFC4F237F5}.Release|Any CPU.ActiveCfg = Release|Any CPU
		{80355624-2CE6-4526-BBAB-0BFFC4F237F5}.Release|Any CPU.Build.0 = Release|Any CPU
		{1964BCD7-7620-4DD1-B398-48D7E3DE2AA6}.Debug|Any CPU.ActiveCfg = Debug|Any CPU
		{1964BCD7-7620-4DD1-B398-48D7E3DE2AA6}.Debug|Any CPU.Build.0 = Debug|Any CPU
		{1964BCD7-7620-4DD1-B398-48D7E3DE2AA6}.Release|Any CPU.ActiveCfg = Release|Any CPU
		{1964BCD7-7620-4DD1-B398-48D7E3DE2AA6}.Release|Any CPU.Build.0 = Release|Any CPU
	EndGlobalSection
	GlobalSection(SolutionProperties) = preSolution
		HideSolutionNode = FALSE
	EndGlobalSection
EndGlobal
